
Microsoft Visual Studio Solution File, Format Version 12.00
# Visual Studio 14
VisualStudioVersion = 14.0.25420.1
MinimumVisualStudioVersion = 10.0.40219.1
Project("{FAE04EC0-301F-11D3-BF4B-00C04F79EFBC}") = "ConsoleApplication1", "ConsoleApplication1\ConsoleApplication1.csproj", "{39F87077-5753-45A8-B7CF-C58FDB4A995D}"
EndProject
Project("{2150E333-8FDC-42A3-9474-1A3956D46DE8}") = "Chapter09", "Chapter09", "{8650ADEC-3E14-4FAC-A6A3-A996D4006AEA}"
EndProject
Project("{FAE04EC0-301F-11D3-BF4B-00C04F79EFBC}") = "Chapter09", "Chapter09\Chapter09.csproj", "{F897E06A-2CC5-4865-B307-577F0BAFD815}"
EndProject
Project("{2150E333-8FDC-42A3-9474-1A3956D46DE8}") = "Chapter10", "Chapter10", "{CE66149B-9793-4854-8454-FA46710F8D5F}"
EndProject
Project("{FAE04EC0-301F-11D3-BF4B-00C04F79EFBC}") = "C10_1", "C10_1\C10_1.csproj", "{38659B9E-E85D-4FA7-B9CE-88007CFD8164}"
EndProject
Project("{2150E333-8FDC-42A3-9474-1A3956D46DE8}") = "Chapter11", "Chapter11", "{F7F14765-AA1D-4C5E-81AE-542541DB8360}"
EndProject
Project("{FAE04EC0-301F-11D3-BF4B-00C04F79EFBC}") = "MyEvent", "MyEvent\MyEvent.csproj", "{7121B73C-1B1D-4D1B-BB8C-04A72C98C863}"
EndProject
Project("{2150E333-8FDC-42A3-9474-1A3956D46DE8}") = "Chapter12", "Chapter12", "{092F51C6-CDD5-4EAF-BF7D-8C951180E21A}"
EndProject
Project("{FAE04EC0-301F-11D3-BF4B-00C04F79EFBC}") = "MyGeneric", "MyGeneric\MyGeneric.csproj", "{FE149266-619B-4B6F-B700-795594552EC8}"
EndProject
Project("{2150E333-8FDC-42A3-9474-1A3956D46DE8}") = "Chapter14", "Chapter14", "{B13CCA0C-E043-415E-8C5D-80FB5BD48F13}"
EndProject
Project("{FAE04EC0-301F-11D3-BF4B-00C04F79EFBC}") = "MyString", "MyString\MyString.csproj", "{D9E0A2A6-F0BA-4058-BEF6-B4EE76962368}"
EndProject
Project("{2150E333-8FDC-42A3-9474-1A3956D46DE8}") = "Chapter01", "Chapter01", "{473C3FBF-E7EB-4A58-BAF2-2B7730080460}"
EndProject
Project("{FAE04EC0-301F-11D3-BF4B-00C04F79EFBC}") = "MyCLR", "MyCLR\MyCLR.csproj", "{FD60FF6F-2528-4CD7-A1E6-764D5A0539B1}"
EndProject
Project("{2150E333-8FDC-42A3-9474-1A3956D46DE8}") = "Chapter15", "Chapter15", "{C7B1E363-C47C-47B7-B00D-A54BAC440688}"
EndProject
Project("{FAE04EC0-301F-11D3-BF4B-00C04F79EFBC}") = "MyEnum", "MyEnum\MyEnum.csproj", "{73E71F42-91A1-4A9E-949A-6E282862C70C}"
EndProject
Project("{FAE04EC0-301F-11D3-BF4B-00C04F79EFBC}") = "MyBitFlag", "MyBitFlag\MyBitFlag.csproj", "{70E33F79-85E7-4BF7-9255-4CE3704D8D0E}"
EndProject
Project("{2150E333-8FDC-42A3-9474-1A3956D46DE8}") = "Chapter16", "Chapter16", "{FFC52517-8413-404B-A596-BE7B986700FF}"
EndProject
Project("{FAE04EC0-301F-11D3-BF4B-00C04F79EFBC}") = "MyArray", "MyArray\MyArray.csproj", "{96A964D3-B25B-4422-B989-2CE1636B1256}"
EndProject
Project("{2150E333-8FDC-42A3-9474-1A3956D46DE8}") = "Chapter19", "Chapter19", "{ABCFDDC1-CB7A-4ABB-AB2F-CBA5FFC9225E}"
EndProject
Project("{FAE04EC0-301F-11D3-BF4B-00C04F79EFBC}") = "MyNullable", "MyNullable\MyNullable.csproj", "{645C36BC-64B2-43AA-93C0-966AAC95E5E1}"
EndProject
Project("{2150E333-8FDC-42A3-9474-1A3956D46DE8}") = "Chapter20", "Chapter20", "{38D122EB-368C-4546-941F-568905F610C1}"
EndProject
Project("{FAE04EC0-301F-11D3-BF4B-00C04F79EFBC}") = "MyException", "MyException\MyException.csproj", "{9272FC77-02D5-41C3-921D-15905BF4D570}"
EndProject
Project("{2150E333-8FDC-42A3-9474-1A3956D46DE8}") = "Chapter24", "Chapter24", "{5667C217-BF83-470E-9CF7-943BC89DD5E9}"
EndProject
Project("{FAE04EC0-301F-11D3-BF4B-00C04F79EFBC}") = "MySerialization", "MySerialization\MySerialization.csproj", "{A23E40DF-5C6D-4FFD-8627-83AE154E15C6}"
EndProject
Project("{2150E333-8FDC-42A3-9474-1A3956D46DE8}") = "Syntax", "Syntax", "{29D5644A-B625-4E3C-AD3A-593F770E3715}"
EndProject
Project("{FAE04EC0-301F-11D3-BF4B-00C04F79EFBC}") = "MySyntax", "MySyntax\MySyntax.csproj", "{57C34A7B-DF53-4121-9F1A-09D5E9680782}"
EndProject
Project("{2150E333-8FDC-42A3-9474-1A3956D46DE8}") = "Chapter28", "Chapter28", "{EC79861C-25CA-40E3-BE5D-9DF0C8A18971}"
EndProject
Project("{FAE04EC0-301F-11D3-BF4B-00C04F79EFBC}") = "MyAsyncIO", "MyAsyncIO\MyAsyncIO.csproj", "{6EF337D7-54E8-4153-B138-8E98FB27F2D4}"
EndProject
Global
	GlobalSection(SolutionConfigurationPlatforms) = preSolution
		Debug|Any CPU = Debug|Any CPU
		Release|Any CPU = Release|Any CPU
	EndGlobalSection
	GlobalSection(ProjectConfigurationPlatforms) = postSolution
		{39F87077-5753-45A8-B7CF-C58FDB4A995D}.Debug|Any CPU.ActiveCfg = Debug|Any CPU
		{39F87077-5753-45A8-B7CF-C58FDB4A995D}.Debug|Any CPU.Build.0 = Debug|Any CPU
		{39F87077-5753-45A8-B7CF-C58FDB4A995D}.Release|Any CPU.ActiveCfg = Release|Any CPU
		{39F87077-5753-45A8-B7CF-C58FDB4A995D}.Release|Any CPU.Build.0 = Release|Any CPU
		{F897E06A-2CC5-4865-B307-577F0BAFD815}.Debug|Any CPU.ActiveCfg = Debug|Any CPU
		{F897E06A-2CC5-4865-B307-577F0BAFD815}.Debug|Any CPU.Build.0 = Debug|Any CPU
		{F897E06A-2CC5-4865-B307-577F0BAFD815}.Release|Any CPU.ActiveCfg = Release|Any CPU
		{F897E06A-2CC5-4865-B307-577F0BAFD815}.Release|Any CPU.Build.0 = Release|Any CPU
		{38659B9E-E85D-4FA7-B9CE-88007CFD8164}.Debug|Any CPU.ActiveCfg = Debug|Any CPU
		{38659B9E-E85D-4FA7-B9CE-88007CFD8164}.Debug|Any CPU.Build.0 = Debug|Any CPU
		{38659B9E-E85D-4FA7-B9CE-88007CFD8164}.Release|Any CPU.ActiveCfg = Release|Any CPU
		{38659B9E-E85D-4FA7-B9CE-88007CFD8164}.Release|Any CPU.Build.0 = Release|Any CPU
		{7121B73C-1B1D-4D1B-BB8C-04A72C98C863}.Debug|Any CPU.ActiveCfg = Debug|Any CPU
		{7121B73C-1B1D-4D1B-BB8C-04A72C98C863}.Debug|Any CPU.Build.0 = Debug|Any CPU
		{7121B73C-1B1D-4D1B-BB8C-04A72C98C863}.Release|Any CPU.ActiveCfg = Release|Any CPU
		{7121B73C-1B1D-4D1B-BB8C-04A72C98C863}.Release|Any CPU.Build.0 = Release|Any CPU
		{FE149266-619B-4B6F-B700-795594552EC8}.Debug|Any CPU.ActiveCfg = Debug|Any CPU
		{FE149266-619B-4B6F-B700-795594552EC8}.Debug|Any CPU.Build.0 = Debug|Any CPU
		{FE149266-619B-4B6F-B700-795594552EC8}.Release|Any CPU.ActiveCfg = Release|Any CPU
		{FE149266-619B-4B6F-B700-795594552EC8}.Release|Any CPU.Build.0 = Release|Any CPU
		{D9E0A2A6-F0BA-4058-BEF6-B4EE76962368}.Debug|Any CPU.ActiveCfg = Debug|Any CPU
		{D9E0A2A6-F0BA-4058-BEF6-B4EE76962368}.Debug|Any CPU.Build.0 = Debug|Any CPU
		{D9E0A2A6-F0BA-4058-BEF6-B4EE76962368}.Debug|Any CPU.Deploy.0 = Debug|Any CPU
		{D9E0A2A6-F0BA-4058-BEF6-B4EE76962368}.Release|Any CPU.ActiveCfg = Release|Any CPU
		{D9E0A2A6-F0BA-4058-BEF6-B4EE76962368}.Release|Any CPU.Build.0 = Release|Any CPU
		{FD60FF6F-2528-4CD7-A1E6-764D5A0539B1}.Debug|Any CPU.ActiveCfg = Debug|Any CPU
		{FD60FF6F-2528-4CD7-A1E6-764D5A0539B1}.Debug|Any CPU.Build.0 = Debug|Any CPU
		{FD60FF6F-2528-4CD7-A1E6-764D5A0539B1}.Release|Any CPU.ActiveCfg = Release|Any CPU
		{FD60FF6F-2528-4CD7-A1E6-764D5A0539B1}.Release|Any CPU.Build.0 = Release|Any CPU
		{73E71F42-91A1-4A9E-949A-6E282862C70C}.Debug|Any CPU.ActiveCfg = Debug|Any CPU
		{73E71F42-91A1-4A9E-949A-6E282862C70C}.Debug|Any CPU.Build.0 = Debug|Any CPU
		{73E71F42-91A1-4A9E-949A-6E282862C70C}.Release|Any CPU.ActiveCfg = Release|Any CPU
		{73E71F42-91A1-4A9E-949A-6E282862C70C}.Release|Any CPU.Build.0 = Release|Any CPU
		{70E33F79-85E7-4BF7-9255-4CE3704D8D0E}.Debug|Any CPU.ActiveCfg = Debug|Any CPU
		{70E33F79-85E7-4BF7-9255-4CE3704D8D0E}.Debug|Any CPU.Build.0 = Debug|Any CPU
		{70E33F79-85E7-4BF7-9255-4CE3704D8D0E}.Release|Any CPU.ActiveCfg = Release|Any CPU
		{70E33F79-85E7-4BF7-9255-4CE3704D8D0E}.Release|Any CPU.Build.0 = Release|Any CPU
		{96A964D3-B25B-4422-B989-2CE1636B1256}.Debug|Any CPU.ActiveCfg = Debug|Any CPU
		{96A964D3-B25B-4422-B989-2CE1636B1256}.Debug|Any CPU.Build.0 = Debug|Any CPU
		{96A964D3-B25B-4422-B989-2CE1636B1256}.Release|Any CPU.ActiveCfg = Release|Any CPU
		{96A964D3-B25B-4422-B989-2CE1636B1256}.Release|Any CPU.Build.0 = Release|Any CPU
		{645C36BC-64B2-43AA-93C0-966AAC95E5E1}.Debug|Any CPU.ActiveCfg = Debug|Any CPU
		{645C36BC-64B2-43AA-93C0-966AAC95E5E1}.Debug|Any CPU.Build.0 = Debug|Any CPU
		{645C36BC-64B2-43AA-93C0-966AAC95E5E1}.Release|Any CPU.ActiveCfg = Release|Any CPU
		{645C36BC-64B2-43AA-93C0-966AAC95E5E1}.Release|Any CPU.Build.0 = Release|Any CPU
		{9272FC77-02D5-41C3-921D-15905BF4D570}.Debug|Any CPU.ActiveCfg = Debug|Any CPU
		{9272FC77-02D5-41C3-921D-15905BF4D570}.Debug|Any CPU.Build.0 = Debug|Any CPU
		{9272FC77-02D5-41C3-921D-15905BF4D570}.Release|Any CPU.ActiveCfg = Release|Any CPU
		{9272FC77-02D5-41C3-921D-15905BF4D570}.Release|Any CPU.Build.0 = Release|Any CPU
		{A23E40DF-5C6D-4FFD-8627-83AE154E15C6}.Debug|Any CPU.ActiveCfg = Debug|Any CPU
		{A23E40DF-5C6D-4FFD-8627-83AE154E15C6}.Debug|Any CPU.Build.0 = Debug|Any CPU
		{A23E40DF-5C6D-4FFD-8627-83AE154E15C6}.Release|Any CPU.ActiveCfg = Release|Any CPU
		{A23E40DF-5C6D-4FFD-8627-83AE154E15C6}.Release|Any CPU.Build.0 = Release|Any CPU
		{57C34A7B-DF53-4121-9F1A-09D5E9680782}.Debug|Any CPU.ActiveCfg = Debug|Any CPU
		{57C34A7B-DF53-4121-9F1A-09D5E9680782}.Debug|Any CPU.Build.0 = Debug|Any CPU
		{57C34A7B-DF53-4121-9F1A-09D5E9680782}.Release|Any CPU.ActiveCfg = Release|Any CPU
		{57C34A7B-DF53-4121-9F1A-09D5E9680782}.Release|Any CPU.Build.0 = Release|Any CPU
		{6EF337D7-54E8-4153-B138-8E98FB27F2D4}.Debug|Any CPU.ActiveCfg = Debug|Any CPU
		{6EF337D7-54E8-4153-B138-8E98FB27F2D4}.Debug|Any CPU.Build.0 = Debug|Any CPU
		{6EF337D7-54E8-4153-B138-8E98FB27F2D4}.Release|Any CPU.ActiveCfg = Release|Any CPU
		{6EF337D7-54E8-4153-B138-8E98FB27F2D4}.Release|Any CPU.Build.0 = Release|Any CPU
	EndGlobalSection
	GlobalSection(SolutionProperties) = preSolution
		HideSolutionNode = FALSE
	EndGlobalSection
	GlobalSection(NestedProjects) = preSolution
		{F897E06A-2CC5-4865-B307-577F0BAFD815} = {8650ADEC-3E14-4FAC-A6A3-A996D4006AEA}
		{38659B9E-E85D-4FA7-B9CE-88007CFD8164} = {CE66149B-9793-4854-8454-FA46710F8D5F}
		{7121B73C-1B1D-4D1B-BB8C-04A72C98C863} = {F7F14765-AA1D-4C5E-81AE-542541DB8360}
		{FE149266-619B-4B6F-B700-795594552EC8} = {092F51C6-CDD5-4EAF-BF7D-8C951180E21A}
		{D9E0A2A6-F0BA-4058-BEF6-B4EE76962368} = {B13CCA0C-E043-415E-8C5D-80FB5BD48F13}
		{FD60FF6F-2528-4CD7-A1E6-764D5A0539B1} = {473C3FBF-E7EB-4A58-BAF2-2B7730080460}
		{73E71F42-91A1-4A9E-949A-6E282862C70C} = {C7B1E363-C47C-47B7-B00D-A54BAC440688}
		{70E33F79-85E7-4BF7-9255-4CE3704D8D0E} = {C7B1E363-C47C-47B7-B00D-A54BAC440688}
		{96A964D3-B25B-4422-B989-2CE1636B1256} = {FFC52517-8413-404B-A596-BE7B986700FF}
		{645C36BC-64B2-43AA-93C0-966AAC95E5E1} = {ABCFDDC1-CB7A-4ABB-AB2F-CBA5FFC9225E}
		{9272FC77-02D5-41C3-921D-15905BF4D570} = {38D122EB-368C-4546-941F-568905F610C1}
		{A23E40DF-5C6D-4FFD-8627-83AE154E15C6} = {5667C217-BF83-470E-9CF7-943BC89DD5E9}
		{57C34A7B-DF53-4121-9F1A-09D5E9680782} = {29D5644A-B625-4E3C-AD3A-593F770E3715}
		{6EF337D7-54E8-4153-B138-8E98FB27F2D4} = {EC79861C-25CA-40E3-BE5D-9DF0C8A18971}
	EndGlobalSection
EndGlobal
